<?xml version="1.0" encoding="utf-8"?>
<Project ToolsVersion="4.0" xmlns="http://schemas.microsoft.com/developer/msbuild/2003">
  <ItemGroup>
    <Filter Include="Source Files">
      <UniqueIdentifier>{4FC737F1-C7A5-4376-A066-2A32D752A2FF}</UniqueIdentifier>
      <Extensions>cpp;c;cc;cxx;c++;cppm;ixx;def;odl;idl;hpj;bat;asm;asmx</Extensions>
    </Filter>
    <Filter Include="Header Files">
      <UniqueIdentifier>{93995380-89BD-4b04-88EB-625FBE52EBFB}</UniqueIdentifier>
      <Extensions>h;hh;hpp;hxx;h++;hm;inl;inc;ipp;xsd</Extensions>
    </Filter>
    <Filter Include="Resource Files">
      <UniqueIdentifier>{67DA6AB6-F800-4c08-8B7A-83BB121AAD01}</UniqueIdentifier>
      <Extensions>rc;ico;cur;bmp;dlg;rc2;rct;bin;rgs;gif;jpg;jpeg;jpe;resx;tiff;tif;png;wav;mfcribbon-ms</Extensions>
    </Filter>
    <Filter Include="Common">
      <UniqueIdentifier>{2279ee83-6c74-4464-9dc9-5da00014b42a}</UniqueIdentifier>
    </Filter>
    <Filter Include="config">
      <UniqueIdentifier>{24139e69-0f92-4354-9a44-688a98d4440c}</UniqueIdentifier>
    </Filter>
    <Filter Include="Header Files\Video">
      <UniqueIdentifier>{659b6ae8-46ca-4da1-a1e6-0bc462190e0c}</UniqueIdentifier>
    </Filter>
    <Filter Include="Header Files\Hardware">
      <UniqueIdentifier>{130c33d0-72b5-46bc-991d-f424be541822}</UniqueIdentifier>
    </Filter>
    <Filter Include="Header Files\Storage">
      <UniqueIdentifier>{918bb670-3c6f-41a4-99d0-43a7d3182f99}</UniqueIdentifier>
    </Filter>
    <Filter Include="Header Files\Sound">
      <UniqueIdentifier>{c4d990e8-7f30-4424-b5d1-68c5242cd776}</UniqueIdentifier>
    </Filter>
    <Filter Include="Header Files\IO">
      <UniqueIdentifier>{43e66a58-e8f7-45f7-b41b-f2f84678bac1}</UniqueIdentifier>
    </Filter>
    <Filter Include="Header Files\CPU">
      <UniqueIdentifier>{45358bbd-2bca-4bbd-b749-ebf2c5b76576}</UniqueIdentifier>
    </Filter>
    <Filter Include="Source Files\Hardware">
      <UniqueIdentifier>{5759a3a7-cdc9-48e7-a8b0-3c0a26838f1f}</UniqueIdentifier>
    </Filter>
    <Filter Include="Source Files\IO">
      <UniqueIdentifier>{5d70bb37-194e-4396-be23-c6f0999dd18d}</UniqueIdentifier>
    </Filter>
    <Filter Include="Source Files\CPU">
      <UniqueIdentifier>{241afab1-e9c4-4473-a7a7-0ef00c349455}</UniqueIdentifier>
    </Filter>
    <Filter Include="Source Files\Sound">
      <UniqueIdentifier>{f58458aa-e810-4835-b261-1c422dbaebd7}</UniqueIdentifier>
    </Filter>
    <Filter Include="Source Files\Storage">
      <UniqueIdentifier>{b6838776-964c-4937-bf92-621d6f24c6dc}</UniqueIdentifier>
    </Filter>
    <Filter Include="Source Files\Video">
      <UniqueIdentifier>{57687403-4194-4180-a0d6-d13846833012}</UniqueIdentifier>
    </Filter>
  </ItemGroup>
  <ItemGroup>
    <ClCompile Include="Emulator Base.cpp">
      <Filter>Source Files</Filter>
    </ClCompile>
    <ClCompile Include="StdAfx.cpp">
      <Filter>Source Files</Filter>
    </ClCompile>
    <ClCompile Include="..\Common\Logger.cpp">
      <Filter>Common</Filter>
    </ClCompile>
    <ClCompile Include="ComputerXT.cpp">
      <Filter>Source Files</Filter>
    </ClCompile>
    <ClCompile Include="Computer.cpp">
      <Filter>Source Files</Filter>
    </ClCompile>
    <ClCompile Include="CartridgePCjr.cpp">
      <Filter>Source Files\Storage</Filter>
    </ClCompile>
    <ClCompile Include="CPU.cpp">
      <Filter>Source Files\CPU</Filter>
    </ClCompile>
    <ClCompile Include="CPU8086.cpp">
      <Filter>Source Files\CPU</Filter>
    </ClCompile>
    <ClCompile Include="CPU8086Test.cpp">
      <Filter>Source Files\CPU</Filter>
    </ClCompile>
    <ClCompile Include="CPUInfo.cpp">
      <Filter>Source Files\CPU</Filter>
    </ClCompile>
    <ClCompile Include="Device8237.cpp">
      <Filter>Source Files\Hardware</Filter>
    </ClCompile>
    <ClCompile Include="Device8250.cpp">
      <Filter>Source Files\Hardware</Filter>
    </ClCompile>
    <ClCompile Include="Device8254.cpp">
      <Filter>Source Files\Hardware</Filter>
    </ClCompile>
    <ClCompile Include="Device8255.cpp">
      <Filter>Source Files\Hardware</Filter>
    </ClCompile>
    <ClCompile Include="Device8255PCjr.cpp">
      <Filter>Source Files\Hardware</Filter>
    </ClCompile>
    <ClCompile Include="Device8255XT.cpp">
      <Filter>Source Files\Hardware</Filter>
    </ClCompile>
    <ClCompile Include="Device8259.cpp">
      <Filter>Source Files\Hardware</Filter>
    </ClCompile>
    <ClCompile Include="DeviceFloppy.cpp">
      <Filter>Source Files\Storage</Filter>
    </ClCompile>
    <ClCompile Include="DeviceFloppyPCjr.cpp">
      <Filter>Source Files\Storage</Filter>
    </ClCompile>
    <ClCompile Include="DeviceFloppyXT.cpp">
      <Filter>Source Files\Storage</Filter>
    </ClCompile>
    <ClCompile Include="DeviceKeyboard.cpp">
      <Filter>Source Files\IO</Filter>
    </ClCompile>
    <ClCompile Include="DeviceKeyboardPCjr.cpp">
      <Filter>Source Files\IO</Filter>
    </ClCompile>
    <ClCompile Include="DeviceKeyboardXT.cpp">
      <Filter>Source Files\IO</Filter>
    </ClCompile>
    <ClCompile Include="DevicePCSpeaker.cpp">
      <Filter>Source Files\Sound</Filter>
    </ClCompile>
    <ClCompile Include="DeviceSN76489.cpp">
      <Filter>Source Files\Sound</Filter>
    </ClCompile>
    <ClCompile Include="Memory.cpp">
      <Filter>Source Files\CPU</Filter>
    </ClCompile>
    <ClCompile Include="MemoryBlock.cpp">
      <Filter>Source Files\CPU</Filter>
    </ClCompile>
    <ClCompile Include="MemoryMap.cpp">
      <Filter>Source Files\CPU</Filter>
    </ClCompile>
    <ClCompile Include="Console.cpp">
      <Filter>Source Files\IO</Filter>
    </ClCompile>
    <ClCompile Include="PortAggregator.cpp">
      <Filter>Source Files\CPU</Filter>
    </ClCompile>
    <ClCompile Include="PortConnector.cpp">
      <Filter>Source Files\CPU</Filter>
    </ClCompile>
    <ClCompile Include="VideoCGA.cpp">
      <Filter>Source Files\Video</Filter>
    </ClCompile>
    <ClCompile Include="InputEvents.cpp">
      <Filter>Source Files\IO</Filter>
    </ClCompile>
    <ClCompile Include="Monitor.cpp">
      <Filter>Source Files\IO</Filter>
    </ClCompile>
    <ClCompile Include="Device6845.cpp">
      <Filter>Source Files\Video</Filter>
    </ClCompile>
    <ClCompile Include="Video.cpp">
      <Filter>Source Files\Video</Filter>
    </ClCompile>
    <ClCompile Include="VideoMDA.cpp">
      <Filter>Source Files\Video</Filter>
    </ClCompile>
    <ClCompile Include="VideoPCjr.cpp">
      <Filter>Source Files\Video</Filter>
    </ClCompile>
    <ClCompile Include="ComputerPCjr.cpp">
      <Filter>Source Files</Filter>
    </ClCompile>
    <ClCompile Include="VideoHGC.cpp">
      <Filter>Source Files\Video</Filter>
    </ClCompile>
    <ClCompile Include="ComputerTandy.cpp">
      <Filter>Source Files</Filter>
    </ClCompile>
    <ClCompile Include="Device8255Tandy.cpp">
      <Filter>Source Files\Hardware</Filter>
    </ClCompile>
    <ClCompile Include="VideoTandy.cpp">
      <Filter>Source Files\Video</Filter>
    </ClCompile>
  </ItemGroup>
  <ItemGroup>
    <ClInclude Include="Common.h">
      <Filter>Header Files</Filter>
    </ClInclude>
    <ClInclude Include="StdAfx.h">
      <Filter>Header Files</Filter>
    </ClInclude>
    <ClInclude Include="..\Common\Logger.h">
      <Filter>Common</Filter>
    </ClInclude>
    <ClInclude Include="ComputerXT.h">
      <Filter>Header Files</Filter>
    </ClInclude>
    <ClInclude Include="ComputerPCjr.h">
      <Filter>Header Files</Filter>
    </ClInclude>
    <ClInclude Include="Computer.h">
      <Filter>Header Files</Filter>
    </ClInclude>
    <ClInclude Include="Device8237.h">
      <Filter>Header Files\Hardware</Filter>
    </ClInclude>
    <ClInclude Include="Device8250.h">
      <Filter>Header Files\Hardware</Filter>
    </ClInclude>
    <ClInclude Include="Device8254.h">
      <Filter>Header Files\Hardware</Filter>
    </ClInclude>
    <ClInclude Include="Device8255.h">
      <Filter>Header Files\Hardware</Filter>
    </ClInclude>
    <ClInclude Include="Device8255PCjr.h">
      <Filter>Header Files\Hardware</Filter>
    </ClInclude>
    <ClInclude Include="Device8255XT.h">
      <Filter>Header Files\Hardware</Filter>
    </ClInclude>
    <ClInclude Include="Device8259.h">
      <Filter>Header Files\Hardware</Filter>
    </ClInclude>
    <ClInclude Include="DeviceFloppy.h">
      <Filter>Header Files\Storage</Filter>
    </ClInclude>
    <ClInclude Include="DeviceFloppyPCjr.h">
      <Filter>Header Files\Storage</Filter>
    </ClInclude>
    <ClInclude Include="DeviceFloppyXT.h">
      <Filter>Header Files\Storage</Filter>
    </ClInclude>
    <ClInclude Include="DeviceSN76489.h">
      <Filter>Header Files\Sound</Filter>
    </ClInclude>
    <ClInclude Include="DevicePCSpeaker.h">
      <Filter>Header Files\Sound</Filter>
    </ClInclude>
    <ClInclude Include="VideoPCjr.h">
      <Filter>Header Files\Video</Filter>
    </ClInclude>
    <ClInclude Include="VideoCGA.h">
      <Filter>Header Files\Video</Filter>
    </ClInclude>
    <ClInclude Include="Console.h">
      <Filter>Header Files\IO</Filter>
    </ClInclude>
    <ClInclude Include="DeviceKeyboard.h">
      <Filter>Header Files\IO</Filter>
    </ClInclude>
    <ClInclude Include="DeviceKeyboardPCjr.h">
      <Filter>Header Files\IO</Filter>
    </ClInclude>
    <ClInclude Include="DeviceKeyboardXT.h">
      <Filter>Header Files\IO</Filter>
    </ClInclude>
    <ClInclude Include="InputEvents.h">
      <Filter>Header Files\IO</Filter>
    </ClInclude>
    <ClInclude Include="CPU.h">
      <Filter>Header Files\CPU</Filter>
    </ClInclude>
    <ClInclude Include="CPU8086.h">
      <Filter>Header Files\CPU</Filter>
    </ClInclude>
    <ClInclude Include="CPU8086Test.h">
      <Filter>Header Files\CPU</Filter>
    </ClInclude>
    <ClInclude Include="CPUInfo.h">
      <Filter>Header Files\CPU</Filter>
    </ClInclude>
    <ClInclude Include="Memory.h">
      <Filter>Header Files\CPU</Filter>
    </ClInclude>
    <ClInclude Include="MemoryBlock.h">
      <Filter>Header Files\CPU</Filter>
    </ClInclude>
    <ClInclude Include="MemoryMap.h">
      <Filter>Header Files\CPU</Filter>
    </ClInclude>
    <ClInclude Include="Monitor.h">
      <Filter>Header Files\IO</Filter>
    </ClInclude>
    <ClInclude Include="PortAggregator.h">
      <Filter>Header Files\CPU</Filter>
    </ClInclude>
    <ClInclude Include="PortConnector.h">
      <Filter>Header Files\CPU</Filter>
    </ClInclude>
    <ClInclude Include="CartridgePCjr.h">
      <Filter>Header Files\Storage</Filter>
    </ClInclude>
    <ClInclude Include="VideoMDA.h">
      <Filter>Header Files\Video</Filter>
    </ClInclude>
    <ClInclude Include="Device6845.h">
      <Filter>Header Files\Video</Filter>
    </ClInclude>
    <ClInclude Include="Video.h">
      <Filter>Header Files\Video</Filter>
    </ClInclude>
    <ClInclude Include="VideoHGC.h">
      <Filter>Header Files\Video</Filter>
    </ClInclude>
    <ClInclude Include="ComputerTandy.h">
      <Filter>Header Files</Filter>
    </ClInclude>
    <ClInclude Include="Device8255Tandy.h">
      <Filter>Header Files\Hardware</Filter>
    </ClInclude>
    <ClInclude Include="VideoTandy.h">
      <Filter>Header Files\Video</Filter>
    </ClInclude>
  </ItemGroup>
  <ItemGroup>
    <None Include="config\8086.ANS">
      <Filter>config</Filter>
    </None>
    <None Include="config\8086.json">
      <Filter>config</Filter>
    </None>
    <None Include="TODO.md" />
  </ItemGroup>
</Project>