<?xml version="1.0" encoding="utf-8"?>
<Project ToolsVersion="4.0" xmlns="http://schemas.microsoft.com/developer/msbuild/2003">
  <ItemGroup>
    <Filter Include="Source Files">
      <UniqueIdentifier>{4FC737F1-C7A5-4376-A066-2A32D752A2FF}</UniqueIdentifier>
      <Extensions>cpp;c;cc;cxx;c++;cppm;ixx;def;odl;idl;hpj;bat;asm;asmx</Extensions>
    </Filter>
    <Filter Include="Header Files">
      <UniqueIdentifier>{93995380-89BD-4b04-88EB-625FBE52EBFB}</UniqueIdentifier>
      <Extensions>h;hh;hpp;hxx;h++;hm;inl;inc;ipp;xsd</Extensions>
    </Filter>
    <Filter Include="Resource Files">
      <UniqueIdentifier>{67DA6AB6-F800-4c08-8B7A-83BB121AAD01}</UniqueIdentifier>
      <Extensions>rc;ico;cur;bmp;dlg;rc2;rct;bin;rgs;gif;jpg;jpeg;jpe;resx;tiff;tif;png;wav;mfcribbon-ms</Extensions>
    </Filter>
    <Filter Include="Common">
      <UniqueIdentifier>{2279ee83-6c74-4464-9dc9-5da00014b42a}</UniqueIdentifier>
    </Filter>
    <Filter Include="config">
      <UniqueIdentifier>{24139e69-0f92-4354-9a44-688a98d4440c}</UniqueIdentifier>
    </Filter>
    <Filter Include="Header Files\Video">
      <UniqueIdentifier>{659b6ae8-46ca-4da1-a1e6-0bc462190e0c}</UniqueIdentifier>
    </Filter>
    <Filter Include="Header Files\Hardware">
      <UniqueIdentifier>{130c33d0-72b5-46bc-991d-f424be541822}</UniqueIdentifier>
    </Filter>
    <Filter Include="Header Files\Storage">
      <UniqueIdentifier>{918bb670-3c6f-41a4-99d0-43a7d3182f99}</UniqueIdentifier>
    </Filter>
    <Filter Include="Header Files\Sound">
      <UniqueIdentifier>{c4d990e8-7f30-4424-b5d1-68c5242cd776}</UniqueIdentifier>
    </Filter>
    <Filter Include="Header Files\IO">
      <UniqueIdentifier>{43e66a58-e8f7-45f7-b41b-f2f84678bac1}</UniqueIdentifier>
    </Filter>
    <Filter Include="Header Files\CPU">
      <UniqueIdentifier>{45358bbd-2bca-4bbd-b749-ebf2c5b76576}</UniqueIdentifier>
    </Filter>
    <Filter Include="Source Files\Hardware">
      <UniqueIdentifier>{5759a3a7-cdc9-48e7-a8b0-3c0a26838f1f}</UniqueIdentifier>
    </Filter>
    <Filter Include="Source Files\IO">
      <UniqueIdentifier>{5d70bb37-194e-4396-be23-c6f0999dd18d}</UniqueIdentifier>
    </Filter>
    <Filter Include="Source Files\CPU">
      <UniqueIdentifier>{241afab1-e9c4-4473-a7a7-0ef00c349455}</UniqueIdentifier>
    </Filter>
    <Filter Include="Source Files\Sound">
      <UniqueIdentifier>{f58458aa-e810-4835-b261-1c422dbaebd7}</UniqueIdentifier>
    </Filter>
    <Filter Include="Source Files\Storage">
      <UniqueIdentifier>{b6838776-964c-4937-bf92-621d6f24c6dc}</UniqueIdentifier>
    </Filter>
    <Filter Include="Source Files\Video">
      <UniqueIdentifier>{57687403-4194-4180-a0d6-d13846833012}</UniqueIdentifier>
    </Filter>
    <Filter Include="3rd Party">
      <UniqueIdentifier>{6e23faae-71e7-41ac-8cae-5fb2768eadd8}</UniqueIdentifier>
    </Filter>
    <Filter Include="Source Files\UI">
      <UniqueIdentifier>{1483d33b-b0cf-4e28-a1a1-3ca8bb82f475}</UniqueIdentifier>
    </Filter>
    <Filter Include="Header Files\UI">
      <UniqueIdentifier>{196c425d-fd08-439c-aa97-65af9d4dd314}</UniqueIdentifier>
    </Filter>
  </ItemGroup>
  <ItemGroup>
    <ClCompile Include="Main.cpp">
      <Filter>Source Files</Filter>
    </ClCompile>
    <ClCompile Include="..\Common\Logger.cpp">
      <Filter>Common</Filter>
    </ClCompile>
    <ClCompile Include="ComputerXT.cpp">
      <Filter>Source Files</Filter>
    </ClCompile>
    <ClCompile Include="Computer.cpp">
      <Filter>Source Files</Filter>
    </ClCompile>
    <ClCompile Include="Storage\CartridgePCjr.cpp">
      <Filter>Source Files\Storage</Filter>
    </ClCompile>
    <ClCompile Include="CPU\CPU.cpp">
      <Filter>Source Files\CPU</Filter>
    </ClCompile>
    <ClCompile Include="CPU\CPU8086.cpp">
      <Filter>Source Files\CPU</Filter>
    </ClCompile>
    <ClCompile Include="CPU\CPU8086Test.cpp">
      <Filter>Source Files\CPU</Filter>
    </ClCompile>
    <ClCompile Include="CPU\CPUInfo.cpp">
      <Filter>Source Files\CPU</Filter>
    </ClCompile>
    <ClCompile Include="Hardware\Device8237.cpp">
      <Filter>Source Files\Hardware</Filter>
    </ClCompile>
    <ClCompile Include="Hardware\Device8250.cpp">
      <Filter>Source Files\Hardware</Filter>
    </ClCompile>
    <ClCompile Include="Hardware\Device8254.cpp">
      <Filter>Source Files\Hardware</Filter>
    </ClCompile>
    <ClCompile Include="Hardware\Device8255.cpp">
      <Filter>Source Files\Hardware</Filter>
    </ClCompile>
    <ClCompile Include="Hardware\Device8255PCjr.cpp">
      <Filter>Source Files\Hardware</Filter>
    </ClCompile>
    <ClCompile Include="Hardware\Device8255XT.cpp">
      <Filter>Source Files\Hardware</Filter>
    </ClCompile>
    <ClCompile Include="Hardware\Device8259.cpp">
      <Filter>Source Files\Hardware</Filter>
    </ClCompile>
    <ClCompile Include="Storage\DeviceFloppy.cpp">
      <Filter>Source Files\Storage</Filter>
    </ClCompile>
    <ClCompile Include="Storage\DeviceFloppyPCjr.cpp">
      <Filter>Source Files\Storage</Filter>
    </ClCompile>
    <ClCompile Include="Storage\DeviceFloppyXT.cpp">
      <Filter>Source Files\Storage</Filter>
    </ClCompile>
    <ClCompile Include="IO\DeviceKeyboard.cpp">
      <Filter>Source Files\IO</Filter>
    </ClCompile>
    <ClCompile Include="IO\DeviceKeyboardPCjr.cpp">
      <Filter>Source Files\IO</Filter>
    </ClCompile>
    <ClCompile Include="IO\DeviceKeyboardXT.cpp">
      <Filter>Source Files\IO</Filter>
    </ClCompile>
    <ClCompile Include="Sound\DevicePCSpeaker.cpp">
      <Filter>Source Files\Sound</Filter>
    </ClCompile>
    <ClCompile Include="Sound\DeviceSN76489.cpp">
      <Filter>Source Files\Sound</Filter>
    </ClCompile>
    <ClCompile Include="CPU\Memory.cpp">
      <Filter>Source Files\CPU</Filter>
    </ClCompile>
    <ClCompile Include="CPU\MemoryBlock.cpp">
      <Filter>Source Files\CPU</Filter>
    </ClCompile>
    <ClCompile Include="IO\Console.cpp">
      <Filter>Source Files\IO</Filter>
    </ClCompile>
    <ClCompile Include="CPU\PortConnector.cpp">
      <Filter>Source Files\CPU</Filter>
    </ClCompile>
    <ClCompile Include="Video\VideoCGA.cpp">
      <Filter>Source Files\Video</Filter>
    </ClCompile>
    <ClCompile Include="IO\InputEvents.cpp">
      <Filter>Source Files\IO</Filter>
    </ClCompile>
    <ClCompile Include="IO\Monitor.cpp">
      <Filter>Source Files\IO</Filter>
    </ClCompile>
    <ClCompile Include="Video\Video.cpp">
      <Filter>Source Files\Video</Filter>
    </ClCompile>
    <ClCompile Include="Video\VideoMDA.cpp">
      <Filter>Source Files\Video</Filter>
    </ClCompile>
    <ClCompile Include="Video\VideoPCjr.cpp">
      <Filter>Source Files\Video</Filter>
    </ClCompile>
    <ClCompile Include="ComputerPCjr.cpp">
      <Filter>Source Files</Filter>
    </ClCompile>
    <ClCompile Include="Video\VideoHGC.cpp">
      <Filter>Source Files\Video</Filter>
    </ClCompile>
    <ClCompile Include="ComputerTandy.cpp">
      <Filter>Source Files</Filter>
    </ClCompile>
    <ClCompile Include="Hardware\Device8255Tandy.cpp">
      <Filter>Source Files\Hardware</Filter>
    </ClCompile>
    <ClCompile Include="Video\VideoTandy.cpp">
      <Filter>Source Files\Video</Filter>
    </ClCompile>
    <ClCompile Include="Storage\DeviceFloppyTandy.cpp">
      <Filter>Source Files\Storage</Filter>
    </ClCompile>
    <ClCompile Include="IO\DeviceKeyboardTandy.cpp">
      <Filter>Source Files\IO</Filter>
    </ClCompile>
    <ClCompile Include="Config.cpp">
      <Filter>Source Files</Filter>
    </ClCompile>
    <ClCompile Include="IO\DeviceJoystick.cpp">
      <Filter>Source Files\IO</Filter>
    </ClCompile>
    <ClCompile Include="Storage\DeviceHardDrive.cpp">
      <Filter>Source Files\Storage</Filter>
    </ClCompile>
    <ClCompile Include="Serializable.cpp">
      <Filter>Source Files</Filter>
    </ClCompile>
    <ClCompile Include="UI\Overlay.cpp">
      <Filter>Source Files\UI</Filter>
    </ClCompile>
    <ClCompile Include="Video\Video6845.cpp">
      <Filter>Source Files\Video</Filter>
    </ClCompile>
    <ClCompile Include="Video\VideoEGA.cpp">
      <Filter>Source Files\Video</Filter>
    </ClCompile>
    <ClCompile Include="Video\CRTController6845.cpp">
      <Filter>Source Files\Video</Filter>
    </ClCompile>
    <ClCompile Include="Video\CRTControllerEGA.cpp">
      <Filter>Source Files\Video</Filter>
    </ClCompile>
    <ClCompile Include="Video\MemoryEGA.cpp">
      <Filter>Source Files\Video</Filter>
    </ClCompile>
    <ClCompile Include="Video\SequencerEGA.cpp">
      <Filter>Source Files\Video</Filter>
    </ClCompile>
    <ClCompile Include="video\GraphControllerEGA.cpp">
      <Filter>Source Files\Video</Filter>
    </ClCompile>
    <ClCompile Include="Video\AttributeControllerEGA.cpp">
      <Filter>Source Files\Video</Filter>
    </ClCompile>
    <ClCompile Include="UI\TimeFormatter.cpp">
      <Filter>Source Files\UI</Filter>
    </ClCompile>
    <ClCompile Include="stdafx.cpp">
      <Filter>Source Files</Filter>
    </ClCompile>
    <ClCompile Include="UI\SnapshotInfo.cpp">
      <Filter>Source Files\UI</Filter>
    </ClCompile>
    <ClCompile Include="UI\SnapshotWidget.cpp">
      <Filter>Source Files\UI</Filter>
    </ClCompile>
    <ClCompile Include="UI\MainWindow.cpp">
      <Filter>Source Files\UI</Filter>
    </ClCompile>
    <ClCompile Include="Sound\Sound.cpp">
      <Filter>Source Files\Sound</Filter>
    </ClCompile>
    <ClCompile Include="Video\VideoVGA.cpp">
      <Filter>Source Files\Video</Filter>
    </ClCompile>
    <ClCompile Include="Video\CRTControllerVGA.cpp">
      <Filter>Source Files\Video</Filter>
    </ClCompile>
    <ClCompile Include="Video\AttributeControllerVGA.cpp">
      <Filter>Source Files\Video</Filter>
    </ClCompile>
    <ClCompile Include="Video\GraphControllerVGA.cpp">
      <Filter>Source Files\Video</Filter>
    </ClCompile>
    <ClCompile Include="Video\MemoryVGA.cpp">
      <Filter>Source Files\Video</Filter>
    </ClCompile>
    <ClCompile Include="Video\SequencerVGA.cpp">
      <Filter>Source Files\Video</Filter>
    </ClCompile>
    <ClCompile Include="Video\DigitalToAnalogConverterVGA.cpp">
      <Filter>Source Files\Video</Filter>
    </ClCompile>
    <ClCompile Include="IO\DeviceSerialMouse.cpp">
      <Filter>Source Files\IO</Filter>
    </ClCompile>
    <ClCompile Include="Hardware\Device8167.cpp">
      <Filter>Source Files\Hardware</Filter>
    </ClCompile>
    <ClCompile Include="CPU\CPU80186.cpp">
      <Filter>Source Files\CPU</Filter>
    </ClCompile>
    <ClCompile Include="CPU\CPU80286.cpp">
      <Filter>Source Files\CPU</Filter>
    </ClCompile>
    <ClCompile Include="ComputerAT.cpp">
      <Filter>Source Files</Filter>
    </ClCompile>
    <ClCompile Include="Hardware\Device146818.cpp">
      <Filter>Source Files\Hardware</Filter>
    </ClCompile>
    <ClCompile Include="Hardware\DeviceDMAPageRegister.cpp">
      <Filter>Source Files\Hardware</Filter>
    </ClCompile>
    <ClCompile Include="Hardware\Device8042AT.cpp">
      <Filter>Source Files\Hardware</Filter>
    </ClCompile>
    <ClCompile Include="IO\DeviceKeyboardAT.cpp">
      <Filter>Source Files\IO</Filter>
    </ClCompile>
  </ItemGroup>
  <ItemGroup>
    <ClInclude Include="Common.h">
      <Filter>Header Files</Filter>
    </ClInclude>
    <ClInclude Include="..\Common\Logger.h">
      <Filter>Common</Filter>
    </ClInclude>
    <ClInclude Include="ComputerXT.h">
      <Filter>Header Files</Filter>
    </ClInclude>
    <ClInclude Include="ComputerPCjr.h">
      <Filter>Header Files</Filter>
    </ClInclude>
    <ClInclude Include="Computer.h">
      <Filter>Header Files</Filter>
    </ClInclude>
    <ClInclude Include="Hardware\Device8237.h">
      <Filter>Header Files\Hardware</Filter>
    </ClInclude>
    <ClInclude Include="Hardware\Device8250.h">
      <Filter>Header Files\Hardware</Filter>
    </ClInclude>
    <ClInclude Include="Hardware\Device8254.h">
      <Filter>Header Files\Hardware</Filter>
    </ClInclude>
    <ClInclude Include="Hardware\Device8255.h">
      <Filter>Header Files\Hardware</Filter>
    </ClInclude>
    <ClInclude Include="Hardware\Device8255PCjr.h">
      <Filter>Header Files\Hardware</Filter>
    </ClInclude>
    <ClInclude Include="Hardware\Device8255XT.h">
      <Filter>Header Files\Hardware</Filter>
    </ClInclude>
    <ClInclude Include="Hardware\Device8259.h">
      <Filter>Header Files\Hardware</Filter>
    </ClInclude>
    <ClInclude Include="Storage\DeviceFloppy.h">
      <Filter>Header Files\Storage</Filter>
    </ClInclude>
    <ClInclude Include="Storage\DeviceFloppyPCjr.h">
      <Filter>Header Files\Storage</Filter>
    </ClInclude>
    <ClInclude Include="Storage\DeviceFloppyXT.h">
      <Filter>Header Files\Storage</Filter>
    </ClInclude>
    <ClInclude Include="Sound\DeviceSN76489.h">
      <Filter>Header Files\Sound</Filter>
    </ClInclude>
    <ClInclude Include="Sound\DevicePCSpeaker.h">
      <Filter>Header Files\Sound</Filter>
    </ClInclude>
    <ClInclude Include="Video\VideoPCjr.h">
      <Filter>Header Files\Video</Filter>
    </ClInclude>
    <ClInclude Include="Video\VideoCGA.h">
      <Filter>Header Files\Video</Filter>
    </ClInclude>
    <ClInclude Include="IO\Console.h">
      <Filter>Header Files\IO</Filter>
    </ClInclude>
    <ClInclude Include="IO\DeviceKeyboard.h">
      <Filter>Header Files\IO</Filter>
    </ClInclude>
    <ClInclude Include="IO\DeviceKeyboardPCjr.h">
      <Filter>Header Files\IO</Filter>
    </ClInclude>
    <ClInclude Include="IO\DeviceKeyboardXT.h">
      <Filter>Header Files\IO</Filter>
    </ClInclude>
    <ClInclude Include="IO\InputEvents.h">
      <Filter>Header Files\IO</Filter>
    </ClInclude>
    <ClInclude Include="CPU\CPU.h">
      <Filter>Header Files\CPU</Filter>
    </ClInclude>
    <ClInclude Include="CPU\CPU8086.h">
      <Filter>Header Files\CPU</Filter>
    </ClInclude>
    <ClInclude Include="CPU\CPU8086Test.h">
      <Filter>Header Files\CPU</Filter>
    </ClInclude>
    <ClInclude Include="CPU\CPUInfo.h">
      <Filter>Header Files\CPU</Filter>
    </ClInclude>
    <ClInclude Include="CPU\Memory.h">
      <Filter>Header Files\CPU</Filter>
    </ClInclude>
    <ClInclude Include="CPU\MemoryBlock.h">
      <Filter>Header Files\CPU</Filter>
    </ClInclude>
    <ClInclude Include="CPU\PortConnector.h">
      <Filter>Header Files\CPU</Filter>
    </ClInclude>
    <ClInclude Include="Storage\CartridgePCjr.h">
      <Filter>Header Files\Storage</Filter>
    </ClInclude>
    <ClInclude Include="Video\VideoMDA.h">
      <Filter>Header Files\Video</Filter>
    </ClInclude>
    <ClInclude Include="Video\Video.h">
      <Filter>Header Files\Video</Filter>
    </ClInclude>
    <ClInclude Include="Video\VideoHGC.h">
      <Filter>Header Files\Video</Filter>
    </ClInclude>
    <ClInclude Include="ComputerTandy.h">
      <Filter>Header Files</Filter>
    </ClInclude>
    <ClInclude Include="Hardware\Device8255Tandy.h">
      <Filter>Header Files\Hardware</Filter>
    </ClInclude>
    <ClInclude Include="Video\VideoTandy.h">
      <Filter>Header Files\Video</Filter>
    </ClInclude>
    <ClInclude Include="Storage\DeviceFloppyTandy.h">
      <Filter>Header Files\Storage</Filter>
    </ClInclude>
    <ClInclude Include="Config.h">
      <Filter>Header Files</Filter>
    </ClInclude>
    <ClInclude Include="..\Common\json.hpp">
      <Filter>3rd Party</Filter>
    </ClInclude>
    <ClInclude Include="..\Common\inipp.h">
      <Filter>3rd Party</Filter>
    </ClInclude>
    <ClInclude Include="Storage\DeviceHardDrive.h">
      <Filter>Header Files\Storage</Filter>
    </ClInclude>
    <ClInclude Include="IO\DeviceJoystick.h">
      <Filter>Header Files\IO</Filter>
    </ClInclude>
    <ClInclude Include="IO\DeviceKeyboardTandy.h">
      <Filter>Header Files\IO</Filter>
    </ClInclude>
    <ClInclude Include="IO\Monitor.h">
      <Filter>Header Files\IO</Filter>
    </ClInclude>
    <ClInclude Include="Serializable.h">
      <Filter>Header Files</Filter>
    </ClInclude>
    <ClInclude Include="UI\Overlay.h">
      <Filter>Header Files\UI</Filter>
    </ClInclude>
    <ClInclude Include="Video\Video6845.h">
      <Filter>Header Files\Video</Filter>
    </ClInclude>
    <ClInclude Include="Video\VideoEGA.h">
      <Filter>Header Files\Video</Filter>
    </ClInclude>
    <ClInclude Include="Video\CRTController6845.h">
      <Filter>Header Files\Video</Filter>
    </ClInclude>
    <ClInclude Include="Video\CRTControllerEGA.h">
      <Filter>Header Files\Video</Filter>
    </ClInclude>
    <ClInclude Include="Video\MemoryEGA.h">
      <Filter>Header Files\Video</Filter>
    </ClInclude>
    <ClInclude Include="Video\GraphControllerEGA.h">
      <Filter>Header Files\Video</Filter>
    </ClInclude>
    <ClInclude Include="Video\AttributeControllerEGA.h">
      <Filter>Header Files\Video</Filter>
    </ClInclude>
    <ClInclude Include="Video\SequencerEGA.h">
      <Filter>Header Files\Video</Filter>
    </ClInclude>
    <ClInclude Include="UI\TimeFormatter.h">
      <Filter>Header Files\UI</Filter>
    </ClInclude>
    <ClInclude Include="stdafx.h">
      <Filter>Header Files</Filter>
    </ClInclude>
    <ClInclude Include="UI\SnapshotInfo.h">
      <Filter>Header Files\UI</Filter>
    </ClInclude>
    <ClInclude Include="UI\SnapshotWidget.h">
      <Filter>Header Files\UI</Filter>
    </ClInclude>
    <ClInclude Include="..\Common\StringUtil.h">
      <Filter>Common</Filter>
    </ClInclude>
    <ClInclude Include="UI\MainWindow.h">
      <Filter>Header Files\UI</Filter>
    </ClInclude>
    <ClInclude Include="Sound\Sound.h">
      <Filter>Header Files\Sound</Filter>
    </ClInclude>
    <ClInclude Include="Video\VideoVGA.h">
      <Filter>Header Files\Video</Filter>
    </ClInclude>
    <ClInclude Include="Video\CRTControllerVGA.h">
      <Filter>Header Files\Video</Filter>
    </ClInclude>
    <ClInclude Include="Video\AttributeControllerVGA.h">
      <Filter>Header Files\Video</Filter>
    </ClInclude>
    <ClInclude Include="Video\GraphControllerVGA.h">
      <Filter>Header Files\Video</Filter>
    </ClInclude>
    <ClInclude Include="Video\MemoryVGA.h">
      <Filter>Header Files\Video</Filter>
    </ClInclude>
    <ClInclude Include="Video\SequencerVGA.h">
      <Filter>Header Files\Video</Filter>
    </ClInclude>
    <ClInclude Include="Video\DigitalToAnalogConverterVGA.h">
      <Filter>Header Files\Video</Filter>
    </ClInclude>
    <ClInclude Include="Video\VideoEvents.h">
      <Filter>Header Files\Video</Filter>
    </ClInclude>
    <ClInclude Include="IO\DeviceSerialMouse.h">
      <Filter>Header Files\IO</Filter>
    </ClInclude>
    <ClInclude Include="Hardware\Device8167.h">
      <Filter>Header Files\Hardware</Filter>
    </ClInclude>
    <ClInclude Include="CPU\CPU80186.h">
      <Filter>Header Files\CPU</Filter>
    </ClInclude>
    <ClInclude Include="CPU\CPU80286.h">
      <Filter>Header Files\CPU</Filter>
    </ClInclude>
    <ClInclude Include="CPU\CPUException.h">
      <Filter>Header Files</Filter>
    </ClInclude>
    <ClInclude Include="ComputerAT.h">
      <Filter>Header Files</Filter>
    </ClInclude>
    <ClInclude Include="Hardware\Device146818.h">
      <Filter>Header Files\Hardware</Filter>
    </ClInclude>
    <ClInclude Include="Hardware\DevicePOSTCard.h">
      <Filter>Header Files\Hardware</Filter>
    </ClInclude>
    <ClInclude Include="Hardware\Device8042AT.h">
      <Filter>Header Files\Hardware</Filter>
    </ClInclude>
    <ClInclude Include="Hardware\DevicePPI.h">
      <Filter>Header Files\Hardware</Filter>
    </ClInclude>
    <ClInclude Include="IO\DeviceKeyboardAT.h">
      <Filter>Header Files\IO</Filter>
    </ClInclude>
  </ItemGroup>
  <ItemGroup>
    <None Include="config\8086.ANS">
      <Filter>config</Filter>
    </None>
    <None Include="config\8086.json">
      <Filter>config</Filter>
    </None>
    <None Include="TODO.md" />
    <None Include="config\config.ini">
      <Filter>config</Filter>
    </None>
    <None Include="SDLPath.props" />
    <None Include="config\80186.json">
      <Filter>config</Filter>
    </None>
    <None Include="config\80286.json">
      <Filter>config</Filter>
    </None>
    <None Include="config\80286.ANS">
      <Filter>config</Filter>
    </None>
  </ItemGroup>
  <ItemGroup>
    <Image Include="res\overlay16.png">
      <Filter>Resource Files</Filter>
    </Image>
  </ItemGroup>
</Project>