
Microsoft Visual Studio Solution File, Format Version 12.00
# Visual Studio Version 17
VisualStudioVersion = 17.7.34024.191
MinimumVisualStudioVersion = 10.0.40219.1
Project("{8BC9CEB8-8B4A-11D0-8D11-00A0C91BC942}") = "hotkey68000emu", "68000\hotkey68000emu.vcxproj", "{96C41FF4-B46A-41C6-ACD5-3D96428480CF}"
	ProjectSection(ProjectDependencies) = postProject
		{83E70E1A-F130-4DA9-A8CB-CBD10A5821A0} = {83E70E1A-F130-4DA9-A8CB-CBD10A5821A0}
	EndProjectSection
EndProject
Project("{8BC9CEB8-8B4A-11D0-8D11-00A0C91BC942}") = "CoreUI", "CoreUI\CoreUI.vcxproj", "{83E70E1A-F130-4DA9-A8CB-CBD10A5821A0}"
EndProject
Project("{8BC9CEB8-8B4A-11D0-8D11-00A0C91BC942}") = "hotkey68000emuTest", "68000\test\hotkey68000emuTest.vcxproj", "{A86910F4-0F4A-47E0-97E4-B335D8C86A0E}"
	ProjectSection(ProjectDependencies) = postProject
		{96C41FF4-B46A-41C6-ACD5-3D96428480CF} = {96C41FF4-B46A-41C6-ACD5-3D96428480CF}
	EndProjectSection
EndProject
Global
	GlobalSection(SolutionConfigurationPlatforms) = preSolution
		Debug|x64 = Debug|x64
		Debug|x86 = Debug|x86
		Release|x64 = Release|x64
		Release|x86 = Release|x86
	EndGlobalSection
	GlobalSection(ProjectConfigurationPlatforms) = postSolution
		{96C41FF4-B46A-41C6-ACD5-3D96428480CF}.Debug|x64.ActiveCfg = Debug|x64
		{96C41FF4-B46A-41C6-ACD5-3D96428480CF}.Debug|x64.Build.0 = Debug|x64
		{96C41FF4-B46A-41C6-ACD5-3D96428480CF}.Debug|x86.ActiveCfg = Debug|Win32
		{96C41FF4-B46A-41C6-ACD5-3D96428480CF}.Debug|x86.Build.0 = Debug|Win32
		{96C41FF4-B46A-41C6-ACD5-3D96428480CF}.Release|x64.ActiveCfg = Release|x64
		{96C41FF4-B46A-41C6-ACD5-3D96428480CF}.Release|x64.Build.0 = Release|x64
		{96C41FF4-B46A-41C6-ACD5-3D96428480CF}.Release|x86.ActiveCfg = Release|Win32
		{96C41FF4-B46A-41C6-ACD5-3D96428480CF}.Release|x86.Build.0 = Release|Win32
		{83E70E1A-F130-4DA9-A8CB-CBD10A5821A0}.Debug|x64.ActiveCfg = Debug|x64
		{83E70E1A-F130-4DA9-A8CB-CBD10A5821A0}.Debug|x64.Build.0 = Debug|x64
		{83E70E1A-F130-4DA9-A8CB-CBD10A5821A0}.Debug|x86.ActiveCfg = Debug|Win32
		{83E70E1A-F130-4DA9-A8CB-CBD10A5821A0}.Debug|x86.Build.0 = Debug|Win32
		{83E70E1A-F130-4DA9-A8CB-CBD10A5821A0}.Release|x64.ActiveCfg = Release|x64
		{83E70E1A-F130-4DA9-A8CB-CBD10A5821A0}.Release|x64.Build.0 = Release|x64
		{83E70E1A-F130-4DA9-A8CB-CBD10A5821A0}.Release|x86.ActiveCfg = Release|Win32
		{83E70E1A-F130-4DA9-A8CB-CBD10A5821A0}.Release|x86.Build.0 = Release|Win32
		{A86910F4-0F4A-47E0-97E4-B335D8C86A0E}.Debug|x64.ActiveCfg = Debug|x64
		{A86910F4-0F4A-47E0-97E4-B335D8C86A0E}.Debug|x64.Build.0 = Debug|x64
		{A86910F4-0F4A-47E0-97E4-B335D8C86A0E}.Debug|x86.ActiveCfg = Debug|Win32
		{A86910F4-0F4A-47E0-97E4-B335D8C86A0E}.Debug|x86.Build.0 = Debug|Win32
		{A86910F4-0F4A-47E0-97E4-B335D8C86A0E}.Release|x64.ActiveCfg = Release|x64
		{A86910F4-0F4A-47E0-97E4-B335D8C86A0E}.Release|x64.Build.0 = Release|x64
		{A86910F4-0F4A-47E0-97E4-B335D8C86A0E}.Release|x86.ActiveCfg = Release|Win32
		{A86910F4-0F4A-47E0-97E4-B335D8C86A0E}.Release|x86.Build.0 = Release|Win32
	EndGlobalSection
	GlobalSection(SolutionProperties) = preSolution
		HideSolutionNode = FALSE
	EndGlobalSection
	GlobalSection(ExtensibilityGlobals) = postSolution
		SolutionGuid = {5529D1EF-DE2C-4B4D-83D4-431FB0991A55}
	EndGlobalSection
EndGlobal
