
Microsoft Visual Studio Solution File, Format Version 12.00
# Visual Studio Version 17
VisualStudioVersion = 17.7.34024.191
MinimumVisualStudioVersion = 10.0.40219.1
Project("{8BC9CEB8-8B4A-11D0-8D11-00A0C91BC942}") = "hotkey6800Emu", "6800\hotkey6800Emu.vcxproj", "{48913726-6FB2-4170-B015-A35C69BD38D8}"
EndProject
Project("{8BC9CEB8-8B4A-11D0-8D11-00A0C91BC942}") = "CoreUI", "CoreUI\CoreUI.vcxproj", "{83E70E1A-F130-4DA9-A8CB-CBD10A5821A0}"
EndProject
Global
	GlobalSection(SolutionConfigurationPlatforms) = preSolution
		Debug|x64 = Debug|x64
		Debug|x86 = Debug|x86
		Release|x64 = Release|x64
		Release|x86 = Release|x86
	EndGlobalSection
	GlobalSection(ProjectConfigurationPlatforms) = postSolution
		{48913726-6FB2-4170-B015-A35C69BD38D8}.Debug|x64.ActiveCfg = Debug|x64
		{48913726-6FB2-4170-B015-A35C69BD38D8}.Debug|x64.Build.0 = Debug|x64
		{48913726-6FB2-4170-B015-A35C69BD38D8}.Debug|x86.ActiveCfg = Debug|Win32
		{48913726-6FB2-4170-B015-A35C69BD38D8}.Debug|x86.Build.0 = Debug|Win32
		{48913726-6FB2-4170-B015-A35C69BD38D8}.Release|x64.ActiveCfg = Release|x64
		{48913726-6FB2-4170-B015-A35C69BD38D8}.Release|x64.Build.0 = Release|x64
		{48913726-6FB2-4170-B015-A35C69BD38D8}.Release|x86.ActiveCfg = Release|Win32
		{48913726-6FB2-4170-B015-A35C69BD38D8}.Release|x86.Build.0 = Release|Win32
		{83E70E1A-F130-4DA9-A8CB-CBD10A5821A0}.Debug|x64.ActiveCfg = Debug|x64
		{83E70E1A-F130-4DA9-A8CB-CBD10A5821A0}.Debug|x64.Build.0 = Debug|x64
		{83E70E1A-F130-4DA9-A8CB-CBD10A5821A0}.Debug|x86.ActiveCfg = Debug|Win32
		{83E70E1A-F130-4DA9-A8CB-CBD10A5821A0}.Debug|x86.Build.0 = Debug|Win32
		{83E70E1A-F130-4DA9-A8CB-CBD10A5821A0}.Release|x64.ActiveCfg = Release|x64
		{83E70E1A-F130-4DA9-A8CB-CBD10A5821A0}.Release|x64.Build.0 = Release|x64
		{83E70E1A-F130-4DA9-A8CB-CBD10A5821A0}.Release|x86.ActiveCfg = Release|Win32
		{83E70E1A-F130-4DA9-A8CB-CBD10A5821A0}.Release|x86.Build.0 = Release|Win32
	EndGlobalSection
	GlobalSection(SolutionProperties) = preSolution
		HideSolutionNode = FALSE
	EndGlobalSection
	GlobalSection(ExtensibilityGlobals) = postSolution
		SolutionGuid = {8479C4FE-99EA-482B-B402-378209D5A20E}
	EndGlobalSection
EndGlobal
