
Microsoft Visual Studio Solution File, Format Version 12.00
# Visual Studio Version 16
VisualStudioVersion = 16.0.31624.102
MinimumVisualStudioVersion = 10.0.40219.1
Project("{8BC9CEB8-8B4A-11D0-8D11-00A0C91BC942}") = "hotkey80emu", "8080\hotkey80emu.vcxproj", "{B70DD2FD-1B0A-4F88-B98D-8203FBE72D7E}"
EndProject
Project("{8BC9CEB8-8B4A-11D0-8D11-00A0C91BC942}") = "hotkey86emu", "8086\hotkey86emu.vcxproj", "{0B9B0876-30DD-4326-AE50-53D9F9D98DB6}"
	ProjectSection(ProjectDependencies) = postProject
		{83E70E1A-F130-4DA9-A8CB-CBD10A5821A0} = {83E70E1A-F130-4DA9-A8CB-CBD10A5821A0}
	EndProjectSection
EndProject
Project("{8BC9CEB8-8B4A-11D0-8D11-00A0C91BC942}") = "TMS1000", "TMS1000\TMS1000.vcxproj", "{5EFC1C48-F0A2-49D4-860D-0B314D468407}"
EndProject
Project("{8BC9CEB8-8B4A-11D0-8D11-00A0C91BC942}") = "hotkeyZ80emu", "Z80\hotkeyZ80emu.vcxproj", "{8A0E5078-F4AB-47AC-873D-061B8E4DEECE}"
	ProjectSection(ProjectDependencies) = postProject
		{83E70E1A-F130-4DA9-A8CB-CBD10A5821A0} = {83E70E1A-F130-4DA9-A8CB-CBD10A5821A0}
	EndProjectSection
EndProject
Project("{8BC9CEB8-8B4A-11D0-8D11-00A0C91BC942}") = "CoreUI", "CoreUI\CoreUI.vcxproj", "{83E70E1A-F130-4DA9-A8CB-CBD10A5821A0}"
EndProject
Project("{8BC9CEB8-8B4A-11D0-8D11-00A0C91BC942}") = "hotkey6502emu", "6502\hotkey6502emu.vcxproj", "{FB234D39-EDA5-4F58-8048-9C9A1ED710A5}"
EndProject
Project("{2150E333-8FDC-42A3-9474-1A3956D46DE8}") = "Solution Items", "Solution Items", "{D78F708F-554D-4D48-A8D3-3DBF03224A57}"
	ProjectSection(SolutionItems) = preProject
		README.md = README.md
	EndProjectSection
EndProject
Global
	GlobalSection(SolutionConfigurationPlatforms) = preSolution
		Debug|x64 = Debug|x64
		Debug|x86 = Debug|x86
		Release|x64 = Release|x64
		Release|x86 = Release|x86
	EndGlobalSection
	GlobalSection(ProjectConfigurationPlatforms) = postSolution
		{B70DD2FD-1B0A-4F88-B98D-8203FBE72D7E}.Debug|x64.ActiveCfg = Debug|x64
		{B70DD2FD-1B0A-4F88-B98D-8203FBE72D7E}.Debug|x64.Build.0 = Debug|x64
		{B70DD2FD-1B0A-4F88-B98D-8203FBE72D7E}.Debug|x86.ActiveCfg = Debug|Win32
		{B70DD2FD-1B0A-4F88-B98D-8203FBE72D7E}.Debug|x86.Build.0 = Debug|Win32
		{B70DD2FD-1B0A-4F88-B98D-8203FBE72D7E}.Release|x64.ActiveCfg = Release|x64
		{B70DD2FD-1B0A-4F88-B98D-8203FBE72D7E}.Release|x64.Build.0 = Release|x64
		{B70DD2FD-1B0A-4F88-B98D-8203FBE72D7E}.Release|x86.ActiveCfg = Release|Win32
		{B70DD2FD-1B0A-4F88-B98D-8203FBE72D7E}.Release|x86.Build.0 = Release|Win32
		{0B9B0876-30DD-4326-AE50-53D9F9D98DB6}.Debug|x64.ActiveCfg = Debug|x64
		{0B9B0876-30DD-4326-AE50-53D9F9D98DB6}.Debug|x64.Build.0 = Debug|x64
		{0B9B0876-30DD-4326-AE50-53D9F9D98DB6}.Debug|x86.ActiveCfg = Debug|Win32
		{0B9B0876-30DD-4326-AE50-53D9F9D98DB6}.Debug|x86.Build.0 = Debug|Win32
		{0B9B0876-30DD-4326-AE50-53D9F9D98DB6}.Release|x64.ActiveCfg = Release|x64
		{0B9B0876-30DD-4326-AE50-53D9F9D98DB6}.Release|x64.Build.0 = Release|x64
		{0B9B0876-30DD-4326-AE50-53D9F9D98DB6}.Release|x86.ActiveCfg = Release|Win32
		{0B9B0876-30DD-4326-AE50-53D9F9D98DB6}.Release|x86.Build.0 = Release|Win32
		{5EFC1C48-F0A2-49D4-860D-0B314D468407}.Debug|x64.ActiveCfg = Debug|x64
		{5EFC1C48-F0A2-49D4-860D-0B314D468407}.Debug|x64.Build.0 = Debug|x64
		{5EFC1C48-F0A2-49D4-860D-0B314D468407}.Debug|x86.ActiveCfg = Debug|Win32
		{5EFC1C48-F0A2-49D4-860D-0B314D468407}.Debug|x86.Build.0 = Debug|Win32
		{5EFC1C48-F0A2-49D4-860D-0B314D468407}.Release|x64.ActiveCfg = Release|x64
		{5EFC1C48-F0A2-49D4-860D-0B314D468407}.Release|x64.Build.0 = Release|x64
		{5EFC1C48-F0A2-49D4-860D-0B314D468407}.Release|x86.ActiveCfg = Release|Win32
		{5EFC1C48-F0A2-49D4-860D-0B314D468407}.Release|x86.Build.0 = Release|Win32
		{8A0E5078-F4AB-47AC-873D-061B8E4DEECE}.Debug|x64.ActiveCfg = Debug|x64
		{8A0E5078-F4AB-47AC-873D-061B8E4DEECE}.Debug|x64.Build.0 = Debug|x64
		{8A0E5078-F4AB-47AC-873D-061B8E4DEECE}.Debug|x86.ActiveCfg = Debug|Win32
		{8A0E5078-F4AB-47AC-873D-061B8E4DEECE}.Debug|x86.Build.0 = Debug|Win32
		{8A0E5078-F4AB-47AC-873D-061B8E4DEECE}.Release|x64.ActiveCfg = Release|x64
		{8A0E5078-F4AB-47AC-873D-061B8E4DEECE}.Release|x64.Build.0 = Release|x64
		{8A0E5078-F4AB-47AC-873D-061B8E4DEECE}.Release|x86.ActiveCfg = Release|Win32
		{8A0E5078-F4AB-47AC-873D-061B8E4DEECE}.Release|x86.Build.0 = Release|Win32
		{83E70E1A-F130-4DA9-A8CB-CBD10A5821A0}.Debug|x64.ActiveCfg = Debug|x64
		{83E70E1A-F130-4DA9-A8CB-CBD10A5821A0}.Debug|x64.Build.0 = Debug|x64
		{83E70E1A-F130-4DA9-A8CB-CBD10A5821A0}.Debug|x86.ActiveCfg = Debug|Win32
		{83E70E1A-F130-4DA9-A8CB-CBD10A5821A0}.Debug|x86.Build.0 = Debug|Win32
		{83E70E1A-F130-4DA9-A8CB-CBD10A5821A0}.Release|x64.ActiveCfg = Release|x64
		{83E70E1A-F130-4DA9-A8CB-CBD10A5821A0}.Release|x64.Build.0 = Release|x64
		{83E70E1A-F130-4DA9-A8CB-CBD10A5821A0}.Release|x86.ActiveCfg = Release|Win32
		{83E70E1A-F130-4DA9-A8CB-CBD10A5821A0}.Release|x86.Build.0 = Release|Win32
		{FB234D39-EDA5-4F58-8048-9C9A1ED710A5}.Debug|x64.ActiveCfg = Debug|x64
		{FB234D39-EDA5-4F58-8048-9C9A1ED710A5}.Debug|x64.Build.0 = Debug|x64
		{FB234D39-EDA5-4F58-8048-9C9A1ED710A5}.Debug|x86.ActiveCfg = Debug|Win32
		{FB234D39-EDA5-4F58-8048-9C9A1ED710A5}.Debug|x86.Build.0 = Debug|Win32
		{FB234D39-EDA5-4F58-8048-9C9A1ED710A5}.Release|x64.ActiveCfg = Release|x64
		{FB234D39-EDA5-4F58-8048-9C9A1ED710A5}.Release|x64.Build.0 = Release|x64
		{FB234D39-EDA5-4F58-8048-9C9A1ED710A5}.Release|x86.ActiveCfg = Release|Win32
		{FB234D39-EDA5-4F58-8048-9C9A1ED710A5}.Release|x86.Build.0 = Release|Win32
	EndGlobalSection
	GlobalSection(SolutionProperties) = preSolution
		HideSolutionNode = FALSE
	EndGlobalSection
	GlobalSection(ExtensibilityGlobals) = postSolution
		SolutionGuid = {3DB1BB2F-3F15-4B90-A563-84617561CE7E}
	EndGlobalSection
EndGlobal
