<?xml version="1.0" encoding="utf-8"?>
<Project ToolsVersion="4.0" xmlns="http://schemas.microsoft.com/developer/msbuild/2003">
  <ItemGroup>
    <Filter Include="Source Files">
      <UniqueIdentifier>{4FC737F1-C7A5-4376-A066-2A32D752A2FF}</UniqueIdentifier>
      <Extensions>cpp;c;cc;cxx;def;odl;idl;hpj;bat;asm;asmx</Extensions>
    </Filter>
    <Filter Include="Header Files">
      <UniqueIdentifier>{93995380-89BD-4b04-88EB-625FBE52EBFB}</UniqueIdentifier>
      <Extensions>h;hh;hpp;hxx;hm;inl;inc;ipp;xsd</Extensions>
    </Filter>
    <Filter Include="Resource Files">
      <UniqueIdentifier>{67DA6AB6-F800-4c08-8B7A-83BB121AAD01}</UniqueIdentifier>
      <Extensions>rc;ico;cur;bmp;dlg;rc2;rct;bin;rgs;gif;jpg;jpeg;jpe;resx;tiff;tif;png;wav;mfcribbon-ms</Extensions>
    </Filter>
    <Filter Include="Common">
      <UniqueIdentifier>{409684cb-dc0c-4132-b14a-aa2f944a03d3}</UniqueIdentifier>
    </Filter>
    <Filter Include="Common\CPU">
      <UniqueIdentifier>{cdd60e41-f5c0-423a-9e51-6db907f6b26b}</UniqueIdentifier>
    </Filter>
  </ItemGroup>
  <ItemGroup>
    <ClCompile Include="CPU8080.cpp">
      <Filter>Source Files</Filter>
    </ClCompile>
    <ClCompile Include="Emulator Base.cpp">
      <Filter>Source Files</Filter>
    </ClCompile>
    <ClCompile Include="CPU.cpp">
      <Filter>Source Files</Filter>
    </ClCompile>
    <ClCompile Include="Interrupts.cpp">
      <Filter>Source Files</Filter>
    </ClCompile>
    <ClCompile Include="UART.cpp">
      <Filter>Source Files</Filter>
    </ClCompile>
    <ClCompile Include="PortConnector.cpp">
      <Filter>Source Files</Filter>
    </ClCompile>
    <ClCompile Include="PortAggregator.cpp">
      <Filter>Source Files</Filter>
    </ClCompile>
    <ClCompile Include="Console.cpp">
      <Filter>Source Files</Filter>
    </ClCompile>
    <ClCompile Include="..\Common\Logger.cpp">
      <Filter>Common</Filter>
    </ClCompile>
    <ClCompile Include="stdafx.cpp">
      <Filter>Source Files</Filter>
    </ClCompile>
    <ClCompile Include="..\Common\CPU\Memory.cpp">
      <Filter>Common\CPU</Filter>
    </ClCompile>
    <ClCompile Include="..\Common\CPU\MemoryBlock.cpp">
      <Filter>Common\CPU</Filter>
    </ClCompile>
    <ClCompile Include="..\Common\Serializable.cpp">
      <Filter>Common</Filter>
    </ClCompile>
    <ClCompile Include="..\Common\CPU\MemoryBlockBase.cpp">
      <Filter>Common\CPU</Filter>
    </ClCompile>
  </ItemGroup>
  <ItemGroup>
    <ClInclude Include="CPU.h">
      <Filter>Header Files</Filter>
    </ClInclude>
    <ClInclude Include="CPU8080.h">
      <Filter>Header Files</Filter>
    </ClInclude>
    <ClInclude Include="Interrupts.h">
      <Filter>Header Files</Filter>
    </ClInclude>
    <ClInclude Include="InterruptSource.h">
      <Filter>Header Files</Filter>
    </ClInclude>
    <ClInclude Include="UART.h">
      <Filter>Header Files</Filter>
    </ClInclude>
    <ClInclude Include="PortConnector.h">
      <Filter>Header Files</Filter>
    </ClInclude>
    <ClInclude Include="PortAggregator.h">
      <Filter>Header Files</Filter>
    </ClInclude>
    <ClInclude Include="Console.h">
      <Filter>Header Files</Filter>
    </ClInclude>
    <ClInclude Include="..\Common\Logger.h">
      <Filter>Common</Filter>
    </ClInclude>
    <ClInclude Include="stdafx.h">
      <Filter>Header Files</Filter>
    </ClInclude>
    <ClInclude Include="..\Common\CPU\CPUCommon.h">
      <Filter>Common\CPU</Filter>
    </ClInclude>
    <ClInclude Include="..\Common\CPU\Memory.h">
      <Filter>Common\CPU</Filter>
    </ClInclude>
    <ClInclude Include="..\Common\CPU\MemoryBlock.h">
      <Filter>Common\CPU</Filter>
    </ClInclude>
    <ClInclude Include="..\Common\inipp.h">
      <Filter>Common</Filter>
    </ClInclude>
    <ClInclude Include="..\Common\json.hpp">
      <Filter>Common</Filter>
    </ClInclude>
    <ClInclude Include="..\Common\Serializable.h">
      <Filter>Common</Filter>
    </ClInclude>
    <ClInclude Include="..\Common\StringUtil.h">
      <Filter>Common</Filter>
    </ClInclude>
    <ClInclude Include="..\Common\CPU\MemoryBlockBase.h">
      <Filter>Common\CPU</Filter>
    </ClInclude>
  </ItemGroup>
</Project>