<?xml version="1.0" encoding="utf-8"?>
<Project ToolsVersion="4.0" xmlns="http://schemas.microsoft.com/developer/msbuild/2003">
  <ItemGroup>
    <Filter Include="Source Files">
      <UniqueIdentifier>{4FC737F1-C7A5-4376-A066-2A32D752A2FF}</UniqueIdentifier>
      <Extensions>cpp;c;cc;cxx;c++;cppm;ixx;def;odl;idl;hpj;bat;asm;asmx</Extensions>
    </Filter>
    <Filter Include="Header Files">
      <UniqueIdentifier>{93995380-89BD-4b04-88EB-625FBE52EBFB}</UniqueIdentifier>
      <Extensions>h;hh;hpp;hxx;h++;hm;inl;inc;ipp;xsd</Extensions>
    </Filter>
    <Filter Include="3rd Party">
      <UniqueIdentifier>{6022b044-8be3-4e75-82ce-bcd910c10d0f}</UniqueIdentifier>
    </Filter>
    <Filter Include="Common">
      <UniqueIdentifier>{0f1851ad-b3c4-454e-9271-c24493aae748}</UniqueIdentifier>
    </Filter>
    <Filter Include="Common\Computer">
      <UniqueIdentifier>{289f8946-0371-4c67-b9a3-d82f637b2dea}</UniqueIdentifier>
    </Filter>
    <Filter Include="Common\CPU">
      <UniqueIdentifier>{38a4d092-8e1d-4944-a101-50316d0f0199}</UniqueIdentifier>
    </Filter>
    <Filter Include="Common\IO">
      <UniqueIdentifier>{83a8701f-5b48-466b-9696-71fc84e8300a}</UniqueIdentifier>
    </Filter>
    <Filter Include="Common\Sound">
      <UniqueIdentifier>{26118565-b440-416c-8c0e-4aa65c2512ec}</UniqueIdentifier>
    </Filter>
    <Filter Include="Common\Video">
      <UniqueIdentifier>{6d49f2fa-d797-4b24-87c1-db8db7fcd0a6}</UniqueIdentifier>
    </Filter>
    <Filter Include="Common\UI">
      <UniqueIdentifier>{3ca2f00f-f8fb-434f-82ed-f90087bc373f}</UniqueIdentifier>
    </Filter>
    <Filter Include="Common\Storage">
      <UniqueIdentifier>{bf3e8aa0-cd75-4974-83c5-09fa6ee9e722}</UniqueIdentifier>
    </Filter>
    <Filter Include="Source Files\Video">
      <UniqueIdentifier>{dd84e78a-9de9-40ce-b0a9-2544e7c5787d}</UniqueIdentifier>
    </Filter>
    <Filter Include="Header Files\Video">
      <UniqueIdentifier>{feffe366-8f9b-41fd-8c02-c0c15ab44b52}</UniqueIdentifier>
    </Filter>
    <Filter Include="Resource Files">
      <UniqueIdentifier>{2548cccb-9dbb-422c-8663-5aff444dabdc}</UniqueIdentifier>
      <Extensions>rc;ico;cur;bmp;dlg;rc2;rct;bin;rgs;gif;jpg;jpeg;jpe;resx;tiff;tif;png;wav;mfcribbon-ms</Extensions>
    </Filter>
    <Filter Include="Header Files\CPU">
      <UniqueIdentifier>{476a20b0-5141-4a8e-a47e-cd85292a5ebf}</UniqueIdentifier>
    </Filter>
    <Filter Include="Source Files\CPU">
      <UniqueIdentifier>{3a6fac30-07ce-4310-a27f-5366b266d93a}</UniqueIdentifier>
    </Filter>
    <Filter Include="Header Files\IO">
      <UniqueIdentifier>{836cc8f6-8468-4d88-8480-f602218e1a89}</UniqueIdentifier>
    </Filter>
    <Filter Include="Source Files\IO">
      <UniqueIdentifier>{1e9728d0-be3d-4704-aaa8-efb45ef6b167}</UniqueIdentifier>
    </Filter>
    <Filter Include="config">
      <UniqueIdentifier>{27e88852-7e7c-4792-8318-5fe5b6b9e398}</UniqueIdentifier>
    </Filter>
    <Filter Include="Header Files\Hardware">
      <UniqueIdentifier>{bd336089-ca99-4a8d-8912-1187c78acef9}</UniqueIdentifier>
    </Filter>
    <Filter Include="Common\Hardware">
      <UniqueIdentifier>{81252ca2-1318-4f46-9bf9-a61468f23a3b}</UniqueIdentifier>
    </Filter>
    <Filter Include="Source Files\Hardware">
      <UniqueIdentifier>{88400878-ba7f-4601-8f2e-a9a30284d9b3}</UniqueIdentifier>
    </Filter>
    <Filter Include="Header Files\Sound">
      <UniqueIdentifier>{e9298e3c-d7fe-4ab9-b2f7-2a03776062d1}</UniqueIdentifier>
    </Filter>
  </ItemGroup>
  <ItemGroup>
    <None Include="SDLPath.props" />
    <None Include="config\68000.ans">
      <Filter>config</Filter>
    </None>
    <None Include="config\68000.json">
      <Filter>config</Filter>
    </None>
    <None Include="config\config.ini">
      <Filter>config</Filter>
    </None>
  </ItemGroup>
  <ItemGroup>
    <ClInclude Include="..\Common\inipp.h">
      <Filter>3rd Party</Filter>
    </ClInclude>
    <ClInclude Include="..\Common\json.hpp">
      <Filter>3rd Party</Filter>
    </ClInclude>
    <ClInclude Include="..\Common\Config.h">
      <Filter>Common</Filter>
    </ClInclude>
    <ClInclude Include="..\Common\FileUtil.h">
      <Filter>Common</Filter>
    </ClInclude>
    <ClInclude Include="..\Common\Logger.h">
      <Filter>Common</Filter>
    </ClInclude>
    <ClInclude Include="..\Common\Serializable.h">
      <Filter>Common</Filter>
    </ClInclude>
    <ClInclude Include="..\Common\StringUtil.h">
      <Filter>Common</Filter>
    </ClInclude>
    <ClInclude Include="..\Common\Computer\ComputerBase.h">
      <Filter>Common\Computer</Filter>
    </ClInclude>
    <ClInclude Include="..\Common\CPU\CPU.h">
      <Filter>Common\CPU</Filter>
    </ClInclude>
    <ClInclude Include="..\Common\CPU\CPUCommon.h">
      <Filter>Common\CPU</Filter>
    </ClInclude>
    <ClInclude Include="..\Common\CPU\CPUInfo.h">
      <Filter>Common\CPU</Filter>
    </ClInclude>
    <ClInclude Include="..\Common\CPU\IOBlock.h">
      <Filter>Common\CPU</Filter>
    </ClInclude>
    <ClInclude Include="..\Common\CPU\IOConnector.h">
      <Filter>Common\CPU</Filter>
    </ClInclude>
    <ClInclude Include="..\Common\CPU\Memory.h">
      <Filter>Common\CPU</Filter>
    </ClInclude>
    <ClInclude Include="..\Common\CPU\MemoryBlock.h">
      <Filter>Common\CPU</Filter>
    </ClInclude>
    <ClInclude Include="..\Common\CPU\MemoryBlockBase.h">
      <Filter>Common\CPU</Filter>
    </ClInclude>
    <ClInclude Include="..\Common\CPU\PortConnector.h">
      <Filter>Common\CPU</Filter>
    </ClInclude>
    <ClInclude Include="..\Common\IO\Console.h">
      <Filter>Common\IO</Filter>
    </ClInclude>
    <ClInclude Include="..\Common\IO\InputEventHandler.h">
      <Filter>Common\IO</Filter>
    </ClInclude>
    <ClInclude Include="..\Common\Sound\Sound.h">
      <Filter>Common\Sound</Filter>
    </ClInclude>
    <ClInclude Include="..\Common\Storage\DeviceTape.h">
      <Filter>Common\Storage</Filter>
    </ClInclude>
    <ClInclude Include="..\Common\UI\MainWindow.h">
      <Filter>Common\UI</Filter>
    </ClInclude>
    <ClInclude Include="..\Common\UI\Overlay.h">
      <Filter>Common\UI</Filter>
    </ClInclude>
    <ClInclude Include="..\Common\UI\SnapshotInfo.h">
      <Filter>Common\UI</Filter>
    </ClInclude>
    <ClInclude Include="..\Common\UI\SnapshotWidget.h">
      <Filter>Common\UI</Filter>
    </ClInclude>
    <ClInclude Include="..\Common\UI\TimeFormatter.h">
      <Filter>Common\UI</Filter>
    </ClInclude>
    <ClInclude Include="..\Common\Video\Video.h">
      <Filter>Common\Video</Filter>
    </ClInclude>
    <ClInclude Include="..\Common\Video\VideoEvents.h">
      <Filter>Common\Video</Filter>
    </ClInclude>
    <ClInclude Include="stdafx.h">
      <Filter>Header Files</Filter>
    </ClInclude>
    <ClInclude Include="targetver.h">
      <Filter>Header Files</Filter>
    </ClInclude>
    <ClInclude Include="resource.h">
      <Filter>Header Files</Filter>
    </ClInclude>
    <ClInclude Include="Computer68000.h">
      <Filter>Header Files</Filter>
    </ClInclude>
    <ClInclude Include="CPU\CPU68000.h">
      <Filter>Header Files\CPU</Filter>
    </ClInclude>
    <ClInclude Include="IO\Monitor68000.h">
      <Filter>Header Files\IO</Filter>
    </ClInclude>
    <ClInclude Include="..\Common\IO\InputEvents.h">
      <Filter>Common\IO</Filter>
    </ClInclude>
    <ClInclude Include="..\Common\BitMask.h">
      <Filter>Common</Filter>
    </ClInclude>
    <ClInclude Include="..\Common\EdgeDetectLatch.h">
      <Filter>Common</Filter>
    </ClInclude>
    <ClInclude Include="ComputerMacintosh.h">
      <Filter>Header Files</Filter>
    </ClInclude>
    <ClInclude Include="Hardware\Device6522Mac.h">
      <Filter>Header Files\Hardware</Filter>
    </ClInclude>
    <ClInclude Include="..\Common\Hardware\Device6522.h">
      <Filter>Common\Hardware</Filter>
    </ClInclude>
    <ClInclude Include="Hardware\IOBlockVIAMac.h">
      <Filter>Header Files\Hardware</Filter>
    </ClInclude>
    <ClInclude Include="Video\VideoMac.h">
      <Filter>Header Files\Video</Filter>
    </ClInclude>
    <ClInclude Include="Sound\SoundMac.h">
      <Filter>Header Files\Sound</Filter>
    </ClInclude>
    <ClInclude Include="Hardware\DeviceIWM.h">
      <Filter>Header Files\Hardware</Filter>
    </ClInclude>
    <ClInclude Include="Hardware\IOBlockIWMMac.h">
      <Filter>Header Files\Hardware</Filter>
    </ClInclude>
  </ItemGroup>
  <ItemGroup>
    <ClCompile Include="..\Common\Config.cpp">
      <Filter>Common</Filter>
    </ClCompile>
    <ClCompile Include="..\Common\FileUtil.cpp">
      <Filter>Common</Filter>
    </ClCompile>
    <ClCompile Include="..\Common\Logger.cpp">
      <Filter>Common</Filter>
    </ClCompile>
    <ClCompile Include="..\Common\Serializable.cpp">
      <Filter>Common</Filter>
    </ClCompile>
    <ClCompile Include="..\Common\Computer\ComputerBase.cpp">
      <Filter>Common\Computer</Filter>
    </ClCompile>
    <ClCompile Include="..\Common\CPU\CPU.cpp">
      <Filter>Common\CPU</Filter>
    </ClCompile>
    <ClCompile Include="..\Common\CPU\CPUInfo.cpp">
      <Filter>Common\CPU</Filter>
    </ClCompile>
    <ClCompile Include="..\Common\CPU\IOBlock.cpp">
      <Filter>Common\CPU</Filter>
    </ClCompile>
    <ClCompile Include="..\Common\CPU\IOConnector.cpp">
      <Filter>Common\CPU</Filter>
    </ClCompile>
    <ClCompile Include="..\Common\CPU\Memory.cpp">
      <Filter>Common\CPU</Filter>
    </ClCompile>
    <ClCompile Include="..\Common\CPU\MemoryBlock.cpp">
      <Filter>Common\CPU</Filter>
    </ClCompile>
    <ClCompile Include="..\Common\CPU\MemoryBlockBase.cpp">
      <Filter>Common\CPU</Filter>
    </ClCompile>
    <ClCompile Include="..\Common\CPU\PortConnector.cpp">
      <Filter>Common\CPU</Filter>
    </ClCompile>
    <ClCompile Include="..\Common\IO\Console.cpp">
      <Filter>Common\IO</Filter>
    </ClCompile>
    <ClCompile Include="..\Common\Sound\Sound.cpp">
      <Filter>Common\Sound</Filter>
    </ClCompile>
    <ClCompile Include="..\Common\Storage\DeviceTape.cpp">
      <Filter>Common\Storage</Filter>
    </ClCompile>
    <ClCompile Include="..\Common\UI\MainWindow.cpp">
      <Filter>Common\UI</Filter>
    </ClCompile>
    <ClCompile Include="..\Common\UI\Overlay.cpp">
      <Filter>Common\UI</Filter>
    </ClCompile>
    <ClCompile Include="..\Common\UI\SnapshotInfo.cpp">
      <Filter>Common\UI</Filter>
    </ClCompile>
    <ClCompile Include="..\Common\UI\SnapshotWidget.cpp">
      <Filter>Common\UI</Filter>
    </ClCompile>
    <ClCompile Include="..\Common\UI\TimeFormatter.cpp">
      <Filter>Common\UI</Filter>
    </ClCompile>
    <ClCompile Include="..\Common\Video\Video.cpp">
      <Filter>Common\Video</Filter>
    </ClCompile>
    <ClCompile Include="Main.cpp">
      <Filter>Source Files</Filter>
    </ClCompile>
    <ClCompile Include="stdafx.cpp">
      <Filter>Source Files</Filter>
    </ClCompile>
    <ClCompile Include="Computer68000.cpp">
      <Filter>Source Files</Filter>
    </ClCompile>
    <ClCompile Include="CPU\CPU68000.cpp">
      <Filter>Source Files\CPU</Filter>
    </ClCompile>
    <ClCompile Include="IO\Monitor68000.cpp">
      <Filter>Source Files\IO</Filter>
    </ClCompile>
    <ClCompile Include="..\Common\IO\InputEvents.cpp">
      <Filter>Common\IO</Filter>
    </ClCompile>
    <ClCompile Include="ComputerMacintosh.cpp">
      <Filter>Source Files</Filter>
    </ClCompile>
    <ClCompile Include="..\Common\CPU\CPUCommon.cpp">
      <Filter>Common\CPU</Filter>
    </ClCompile>
    <ClCompile Include="..\Common\Hardware\Device6522.cpp">
      <Filter>Common\Hardware</Filter>
    </ClCompile>
    <ClCompile Include="Video\VideoMac.cpp">
      <Filter>Source Files\Video</Filter>
    </ClCompile>
    <ClCompile Include="Hardware\Device6522Mac.cpp">
      <Filter>Source Files\Hardware</Filter>
    </ClCompile>
    <ClCompile Include="Hardware\DeviceIWM.cpp">
      <Filter>Source Files\Hardware</Filter>
    </ClCompile>
  </ItemGroup>
  <ItemGroup>
    <Image Include="res\overlay16.png">
      <Filter>Resource Files</Filter>
    </Image>
  </ItemGroup>
</Project>