<?xml version="1.0" encoding="utf-8"?>
<Project ToolsVersion="4.0" xmlns="http://schemas.microsoft.com/developer/msbuild/2003">
  <ItemGroup>
    <ClCompile Include="test.cpp" />
    <ClCompile Include="pch.cpp" />
  </ItemGroup>
  <ItemGroup>
    <ClInclude Include="pch.h" />
    <ClInclude Include="..\..\Common\StringUtil.h">
      <Filter>Common</Filter>
    </ClInclude>
  </ItemGroup>
  <ItemGroup>
    <Filter Include="Common">
      <UniqueIdentifier>{6b2facd2-d911-4c00-abd2-2800cbdeee35}</UniqueIdentifier>
    </Filter>
    <Filter Include="asm">
      <UniqueIdentifier>{82220466-4d12-4413-8c93-168f93e44814}</UniqueIdentifier>
    </Filter>
  </ItemGroup>
  <ItemGroup>
    <None Include="asm\0.0.0.ori.asm">
      <Filter>asm</Filter>
    </None>
    <None Include="asm\0.1.0.andi.asm">
      <Filter>asm</Filter>
    </None>
    <None Include="asm\0.2.0.subi.asm">
      <Filter>asm</Filter>
    </None>
    <None Include="asm\0.3.0.addi.asm">
      <Filter>asm</Filter>
    </None>
    <None Include="asm\0.4.0.0.btst.asm">
      <Filter>asm</Filter>
    </None>
    <None Include="asm\0.4.0.1.bchg.asm">
      <Filter>asm</Filter>
    </None>
    <None Include="asm\0.4.0.2.bclr.asm">
      <Filter>asm</Filter>
    </None>
    <None Include="asm\0.4.0.3.bset.asm">
      <Filter>asm</Filter>
    </None>
    <None Include="asm\0.5.0.eori.asm">
      <Filter>asm</Filter>
    </None>
    <None Include="asm\0.6.0.cmpi.asm">
      <Filter>asm</Filter>
    </None>
    <None Include="asm\0.x.1.0.btst.asm">
      <Filter>asm</Filter>
    </None>
    <None Include="asm\0.x.1.1.bchg.asm">
      <Filter>asm</Filter>
    </None>
    <None Include="asm\0.x.1.2.bclr.asm">
      <Filter>asm</Filter>
    </None>
    <None Include="asm\0.x.1.3.bset.asm">
      <Filter>asm</Filter>
    </None>
    <None Include="asm\0.x.1.x.1.movep.asm">
      <Filter>asm</Filter>
    </None>
    <None Include="asm\2.x.1.movea.l.asm">
      <Filter>asm</Filter>
    </None>
    <None Include="asm\3.x.1.movea.w.asm">
      <Filter>asm</Filter>
    </None>
    <None Include="asm\1.x.move.b.asm">
      <Filter>asm</Filter>
    </None>
    <None Include="asm\2.x.move.l.asm">
      <Filter>asm</Filter>
    </None>
    <None Include="asm\3.x.move.w.asm">
      <Filter>asm</Filter>
    </None>
    <None Include="asm\4.0.3.move.sr.asm">
      <Filter>asm</Filter>
    </None>
    <None Include="asm\4.6.3.move.sr.asm">
      <Filter>asm</Filter>
    </None>
    <None Include="asm\4.4.3.move.ccr.asm">
      <Filter>asm</Filter>
    </None>
    <None Include="asm\4.0.x.negx.asm">
      <Filter>asm</Filter>
    </None>
    <None Include="asm\4.4.x.neg.asm">
      <Filter>asm</Filter>
    </None>
    <None Include="asm\4.2.x.clr.asm">
      <Filter>asm</Filter>
    </None>
    <None Include="asm\4.6.x.not.asm">
      <Filter>asm</Filter>
    </None>
    <None Include="asm\4.8.1.x.0.ext.asm">
      <Filter>asm</Filter>
    </None>
    <None Include="asm\4.4.0.nbcd.asm">
      <Filter>asm</Filter>
    </None>
    <None Include="asm\4.4.1.0.swap.asm">
      <Filter>asm</Filter>
    </None>
    <None Include="asm\4.4.1.pea.asm">
      <Filter>asm</Filter>
    </None>
    <None Include="asm\4.misc.asm">
      <Filter>asm</Filter>
    </None>
    <None Include="asm\4.5.3.tas.asm">
      <Filter>asm</Filter>
    </None>
    <None Include="asm\4.5.x.tst.asm">
      <Filter>asm</Filter>
    </None>
    <None Include="asm\4.7.1.0.trap.asm">
      <Filter>asm</Filter>
    </None>
    <None Include="asm\4.7.1.2.link.asm">
      <Filter>asm</Filter>
    </None>
    <None Include="asm\4.7.1.3.unlk.asm">
      <Filter>asm</Filter>
    </None>
    <None Include="asm\4.7.1.4.move.usp.asm">
      <Filter>asm</Filter>
    </None>
    <None Include="asm\4.7.1.6.2.stop.asm">
      <Filter>asm</Filter>
    </None>
    <None Include="asm\4.7.2.jsr.asm">
      <Filter>asm</Filter>
    </None>
    <None Include="asm\4.7.3.jmp.asm">
      <Filter>asm</Filter>
    </None>
    <None Include="asm\4.4.1.x.movem.asm">
      <Filter>asm</Filter>
    </None>
    <None Include="asm\4.6.1.x.movem.asm">
      <Filter>asm</Filter>
    </None>
    <None Include="asm\4.x.7.lea.asm">
      <Filter>asm</Filter>
    </None>
    <None Include="asm\4.x.6.chk.asm">
      <Filter>asm</Filter>
    </None>
    <None Include="asm\5.x.0.addq.asm">
      <Filter>asm</Filter>
    </None>
    <None Include="asm\5.x.1.subq.asm">
      <Filter>asm</Filter>
    </None>
    <None Include="asm\5.x.3.scc.asm">
      <Filter>asm</Filter>
    </None>
    <None Include="asm\5.x.3.1.dbcc.asm">
      <Filter>asm</Filter>
    </None>
    <None Include="asm\6.x.branch.asm">
      <Filter>asm</Filter>
    </None>
    <None Include="asm\7.x.0.moveq.asm">
      <Filter>asm</Filter>
    </None>
    <None Include="asm\8.x.3.divu.asm">
      <Filter>asm</Filter>
    </None>
    <None Include="asm\8.x.7.divs.asm">
      <Filter>asm</Filter>
    </None>
    <None Include="asm\8.x.0.or.asm">
      <Filter>asm</Filter>
    </None>
    <None Include="asm\8.x.1.or.asm">
      <Filter>asm</Filter>
    </None>
    <None Include="asm\8.x.4.sbcd.asm">
      <Filter>asm</Filter>
    </None>
    <None Include="asm\9.x.0.sub.asm">
      <Filter>asm</Filter>
    </None>
    <None Include="asm\9.x.1.sub.asm">
      <Filter>asm</Filter>
    </None>
    <None Include="asm\9.x.x.3.suba.asm">
      <Filter>asm</Filter>
    </None>
    <None Include="asm\9.x.1.x.0.subx.asm">
      <Filter>asm</Filter>
    </None>
    <None Include="asm\11.x.0.cmp.asm">
      <Filter>asm</Filter>
    </None>
    <None Include="asm\11.x.1.eor.asm">
      <Filter>asm</Filter>
    </None>
    <None Include="asm\11.x.1.x.1.cmpm.asm">
      <Filter>asm</Filter>
    </None>
    <None Include="asm\11.x.x.3.cmpa.asm">
      <Filter>asm</Filter>
    </None>
    <None Include="asm\12.x.0.and.asm">
      <Filter>asm</Filter>
    </None>
    <None Include="asm\12.x.1.and.asm">
      <Filter>asm</Filter>
    </None>
    <None Include="asm\12.x.3.mulu.asm">
      <Filter>asm</Filter>
    </None>
    <None Include="asm\12.x.4.abcd.asm">
      <Filter>asm</Filter>
    </None>
    <None Include="asm\12.x.7.muls.asm">
      <Filter>asm</Filter>
    </None>
    <None Include="asm\12.x.1.x.0.exg.asm">
      <Filter>asm</Filter>
    </None>
    <None Include="asm\13.x.0.add.asm">
      <Filter>asm</Filter>
    </None>
    <None Include="asm\13.x.1.add.asm">
      <Filter>asm</Filter>
    </None>
    <None Include="asm\13.x.1.x.0.addx.asm">
      <Filter>asm</Filter>
    </None>
    <None Include="asm\13.x.x.3.adda.asm">
      <Filter>asm</Filter>
    </None>
    <None Include="asm\14.0.0.3.asr.asm">
      <Filter>asm</Filter>
    </None>
    <None Include="asm\14.0.1.3.asl.asm">
      <Filter>asm</Filter>
    </None>
    <None Include="asm\14.1.0.3.lsr.asm">
      <Filter>asm</Filter>
    </None>
    <None Include="asm\14.1.1.3.lsl.asm">
      <Filter>asm</Filter>
    </None>
    <None Include="asm\14.2.0.3.roxr.asm">
      <Filter>asm</Filter>
    </None>
    <None Include="asm\14.2.1.3.roxl.asm">
      <Filter>asm</Filter>
    </None>
    <None Include="asm\14.3.0.3.ror.asm">
      <Filter>asm</Filter>
    </None>
    <None Include="asm\14.3.1.3.rol.asm">
      <Filter>asm</Filter>
    </None>
    <None Include="asm\14.x.0.x.x.0.asr.asm">
      <Filter>asm</Filter>
    </None>
    <None Include="asm\14.x.1.x.x.0.asl.asm">
      <Filter>asm</Filter>
    </None>
    <None Include="asm\14.x.0.x.x.1.lsr.asm">
      <Filter>asm</Filter>
    </None>
    <None Include="asm\14.x.0.x.x.2.roxr.asm">
      <Filter>asm</Filter>
    </None>
    <None Include="asm\14.x.0.x.x.3.ror.asm">
      <Filter>asm</Filter>
    </None>
    <None Include="asm\14.x.1.x.x.1.lsl.asm">
      <Filter>asm</Filter>
    </None>
    <None Include="asm\14.x.1.x.x.2.roxl.asm">
      <Filter>asm</Filter>
    </None>
    <None Include="asm\14.x.1.x.x.3.rol.asm">
      <Filter>asm</Filter>
    </None>
  </ItemGroup>
</Project>